
Microsoft Visual Studio Solution File, Format Version 12.00
# Visual Studio Version 16
VisualStudioVersion = 16.0.31205.134
MinimumVisualStudioVersion = 10.0.40219.1
Project("{9A19103F-16F7-4668-BE54-9A1E7A4F7556}") = "CityFinder", "CityFinder\CityFinder.csproj", "{80932B17-EBEA-4F4C-A382-8A32718A886B}"
EndProject
Global
	GlobalSection(SolutionConfigurationPlatforms) = preSolution
		Debug|Any CPU = Debug|Any CPU
		Release|Any CPU = Release|Any CPU
	EndGlobalSection
	GlobalSection(ProjectConfigurationPlatforms) = postSolution
		{80932B17-EBEA-4F4C-A382-8A32718A886B}.Debug|Any CPU.ActiveCfg = Debug|Any CPU
		{80932B17-EBEA-4F4C-A382-8A32718A886B}.Debug|Any CPU.Build.0 = Debug|Any CPU
		{80932B17-EBEA-4F4C-A382-8A32718A886B}.Release|Any CPU.ActiveCfg = Release|Any CPU
		{80932B17-EBEA-4F4C-A382-8A32718A886B}.Release|Any CPU.Build.0 = Release|Any CPU
	EndGlobalSection
	GlobalSection(SolutionProperties) = preSolution
		HideSolutionNode = FALSE
	EndGlobalSection
	GlobalSection(ExtensibilityGlobals) = postSolution
		SolutionGuid = {9B0F9F76-B04A-4810-B7EE-9C21E342CB3B}
	EndGlobalSection
EndGlobal
